
Microsoft Visual Studio Solution File, Format Version 12.00
# Visual Studio Version 17
VisualStudioVersion = 17.2.32602.215
MinimumVisualStudioVersion = 10.0.40219.1
Project("{FAE04EC0-301F-11D3-BF4B-00C04F79EFBC}") = "functionrefactoring", "functionrefactoring\functionrefactoring.csproj", "{1F05CD99-0B9C-4107-8047-2735FF2ED214}"
EndProject
Global
	GlobalSection(SolutionConfigurationPlatforms) = preSolution
		Debug|Any CPU = Debug|Any CPU
		Release|Any CPU = Release|Any CPU
	EndGlobalSection
	GlobalSection(ProjectConfigurationPlatforms) = postSolution
		{1F05CD99-0B9C-4107-8047-2735FF2ED214}.Debug|Any CPU.ActiveCfg = Debug|Any CPU
		{1F05CD99-0B9C-4107-8047-2735FF2ED214}.Debug|Any CPU.Build.0 = Debug|Any CPU
		{1F05CD99-0B9C-4107-8047-2735FF2ED214}.Release|Any CPU.ActiveCfg = Release|Any CPU
		{1F05CD99-0B9C-4107-8047-2735FF2ED214}.Release|Any CPU.Build.0 = Release|Any CPU
	EndGlobalSection
	GlobalSection(SolutionProperties) = preSolution
		HideSolutionNode = FALSE
	EndGlobalSection
	GlobalSection(ExtensibilityGlobals) = postSolution
		SolutionGuid = {54CD51A9-D7D3-4AAF-911D-05B4B8491A47}
	EndGlobalSection
EndGlobal
